
Microsoft Visual Studio Solution File, Format Version 12.00
# Visual Studio Version 17
VisualStudioVersion = 17.8.34316.72
MinimumVisualStudioVersion = 10.0.40219.1
Project("{FAE04EC0-301F-11D3-BF4B-00C04F79EFBC}") = "day2 task 4", "day2 task 4.csproj", "{F3538084-DEF8-4EA2-88ED-A6D3225A98F3}"
EndProject
Global
	GlobalSection(SolutionConfigurationPlatforms) = preSolution
		Debug|Any CPU = Debug|Any CPU
		Release|Any CPU = Release|Any CPU
	EndGlobalSection
	GlobalSection(ProjectConfigurationPlatforms) = postSolution
		{F3538084-DEF8-4EA2-88ED-A6D3225A98F3}.Debug|Any CPU.ActiveCfg = Debug|Any CPU
		{F3538084-DEF8-4EA2-88ED-A6D3225A98F3}.Debug|Any CPU.Build.0 = Debug|Any CPU
		{F3538084-DEF8-4EA2-88ED-A6D3225A98F3}.Release|Any CPU.ActiveCfg = Release|Any CPU
		{F3538084-DEF8-4EA2-88ED-A6D3225A98F3}.Release|Any CPU.Build.0 = Release|Any CPU
	EndGlobalSection
	GlobalSection(SolutionProperties) = preSolution
		HideSolutionNode = FALSE
	EndGlobalSection
	GlobalSection(ExtensibilityGlobals) = postSolution
		SolutionGuid = {AC12708C-5BB4-4D7F-9913-68B5C47D148B}
	EndGlobalSection
EndGlobal
